
Microsoft Visual Studio Solution File, Format Version 12.00
# Visual Studio Version 16
VisualStudioVersion = 16.0.30413.136
MinimumVisualStudioVersion = 10.0.40219.1
Project("{9A19103F-16F7-4668-BE54-9A1E7A4F7556}") = "GitVersionExec", "GitVersionExec.csproj", "{A80DB928-E2CD-42E0-9BD7-D0325EBCBB36}"
EndProject
Global
	GlobalSection(SolutionConfigurationPlatforms) = preSolution
		Debug|Any CPU = Debug|Any CPU
		Release|Any CPU = Release|Any CPU
	EndGlobalSection
	GlobalSection(ProjectConfigurationPlatforms) = postSolution
		{A80DB928-E2CD-42E0-9BD7-D0325EBCBB36}.Debug|Any CPU.ActiveCfg = Debug|Any CPU
		{A80DB928-E2CD-42E0-9BD7-D0325EBCBB36}.Debug|Any CPU.Build.0 = Debug|Any CPU
		{A80DB928-E2CD-42E0-9BD7-D0325EBCBB36}.Release|Any CPU.ActiveCfg = Release|Any CPU
		{A80DB928-E2CD-42E0-9BD7-D0325EBCBB36}.Release|Any CPU.Build.0 = Release|Any CPU
	EndGlobalSection
	GlobalSection(SolutionProperties) = preSolution
		HideSolutionNode = FALSE
	EndGlobalSection
	GlobalSection(ExtensibilityGlobals) = postSolution
		SolutionGuid = {8A1BC029-7577-4C28-B96A-22EA0D4F1B62}
	EndGlobalSection
EndGlobal
